
Microsoft Visual Studio Solution File, Format Version 12.00
# Visual Studio Version 17
VisualStudioVersion = 17.4.33213.308
MinimumVisualStudioVersion = 10.0.40219.1
Project("{9A19103F-16F7-4668-BE54-9A1E7A4F7556}") = "AppClient", "AppClient\AppClient.csproj", "{DA4E6FA7-4844-4CBC-8DB9-427CB2A471D0}"
EndProject
Project("{9A19103F-16F7-4668-BE54-9A1E7A4F7556}") = "AppService", "AppService\AppService.csproj", "{15346828-7731-4B26-8250-399A2BB6911F}"
EndProject
Global
	GlobalSection(SolutionConfigurationPlatforms) = preSolution
		Debug|Any CPU = Debug|Any CPU
		Release|Any CPU = Release|Any CPU
	EndGlobalSection
	GlobalSection(ProjectConfigurationPlatforms) = postSolution
		{DA4E6FA7-4844-4CBC-8DB9-427CB2A471D0}.Debug|Any CPU.ActiveCfg = Debug|Any CPU
		{DA4E6FA7-4844-4CBC-8DB9-427CB2A471D0}.Debug|Any CPU.Build.0 = Debug|Any CPU
		{DA4E6FA7-4844-4CBC-8DB9-427CB2A471D0}.Release|Any CPU.ActiveCfg = Release|Any CPU
		{DA4E6FA7-4844-4CBC-8DB9-427CB2A471D0}.Release|Any CPU.Build.0 = Release|Any CPU
		{15346828-7731-4B26-8250-399A2BB6911F}.Debug|Any CPU.ActiveCfg = Debug|Any CPU
		{15346828-7731-4B26-8250-399A2BB6911F}.Debug|Any CPU.Build.0 = Debug|Any CPU
		{15346828-7731-4B26-8250-399A2BB6911F}.Release|Any CPU.ActiveCfg = Release|Any CPU
		{15346828-7731-4B26-8250-399A2BB6911F}.Release|Any CPU.Build.0 = Release|Any CPU
	EndGlobalSection
	GlobalSection(SolutionProperties) = preSolution
		HideSolutionNode = FALSE
	EndGlobalSection
	GlobalSection(ExtensibilityGlobals) = postSolution
		SolutionGuid = {6ACC8452-1495-4076-95E3-C8A648B02A08}
	EndGlobalSection
EndGlobal
